
Microsoft Visual Studio Solution File, Format Version 12.00
Project("{FAE04EC0-301F-11D3-BF4B-00C04F79EFBC}") = "Day1", "Day1\Day1.csproj", "{EB5319E8-D2A7-4CA9-BC08-6F098DDDB889}"
EndProject
Project("{FAE04EC0-301F-11D3-BF4B-00C04F79EFBC}") = "Utils", "Utils\Utils.csproj", "{AB27959C-B089-4F31-B356-7F6C2FF7BE38}"
EndProject
Project("{FAE04EC0-301F-11D3-BF4B-00C04F79EFBC}") = "Day2", "Day2\Day2.csproj", "{566FEB43-3B1D-4B17-A98D-F6DDD70B9EF1}"
EndProject
Project("{FAE04EC0-301F-11D3-BF4B-00C04F79EFBC}") = "Day3", "Day3\Day3.csproj", "{21E7A5EF-AA58-471A-B665-828B667E476F}"
EndProject
Project("{FAE04EC0-301F-11D3-BF4B-00C04F79EFBC}") = "Day4", "Day4\Day4.csproj", "{52F80D60-C32B-42EB-B517-23FC44BD7255}"
EndProject
Project("{FAE04EC0-301F-11D3-BF4B-00C04F79EFBC}") = "Day5", "Day5\Day5.csproj", "{164A9E93-A1CA-47C7-A339-D4AFD4C7FCF1}"
EndProject
Project("{FAE04EC0-301F-11D3-BF4B-00C04F79EFBC}") = "Day6", "Day6\Day6.csproj", "{7E4A8BA0-FAAB-4E26-848F-0B5C5B2D472B}"
EndProject
Project("{FAE04EC0-301F-11D3-BF4B-00C04F79EFBC}") = "Day7", "Day7\Day7.csproj", "{DF6C00D6-370F-4A6F-94F7-DFC782357FD6}"
EndProject
Project("{FAE04EC0-301F-11D3-BF4B-00C04F79EFBC}") = "Day8", "Day8\Day8.csproj", "{34225E9E-C4E2-46DC-92B6-9FC729FF8334}"
EndProject
Project("{FAE04EC0-301F-11D3-BF4B-00C04F79EFBC}") = "Day9", "Day9\Day9.csproj", "{5F5D3AD3-7807-4C04-9138-6BF61B095ED4}"
EndProject
Global
	GlobalSection(SolutionConfigurationPlatforms) = preSolution
		Debug|Any CPU = Debug|Any CPU
		Release|Any CPU = Release|Any CPU
	EndGlobalSection
	GlobalSection(ProjectConfigurationPlatforms) = postSolution
		{EB5319E8-D2A7-4CA9-BC08-6F098DDDB889}.Debug|Any CPU.ActiveCfg = Debug|Any CPU
		{EB5319E8-D2A7-4CA9-BC08-6F098DDDB889}.Debug|Any CPU.Build.0 = Debug|Any CPU
		{EB5319E8-D2A7-4CA9-BC08-6F098DDDB889}.Release|Any CPU.ActiveCfg = Release|Any CPU
		{EB5319E8-D2A7-4CA9-BC08-6F098DDDB889}.Release|Any CPU.Build.0 = Release|Any CPU
		{AB27959C-B089-4F31-B356-7F6C2FF7BE38}.Debug|Any CPU.ActiveCfg = Debug|Any CPU
		{AB27959C-B089-4F31-B356-7F6C2FF7BE38}.Debug|Any CPU.Build.0 = Debug|Any CPU
		{AB27959C-B089-4F31-B356-7F6C2FF7BE38}.Release|Any CPU.ActiveCfg = Release|Any CPU
		{AB27959C-B089-4F31-B356-7F6C2FF7BE38}.Release|Any CPU.Build.0 = Release|Any CPU
		{566FEB43-3B1D-4B17-A98D-F6DDD70B9EF1}.Debug|Any CPU.ActiveCfg = Debug|Any CPU
		{566FEB43-3B1D-4B17-A98D-F6DDD70B9EF1}.Debug|Any CPU.Build.0 = Debug|Any CPU
		{566FEB43-3B1D-4B17-A98D-F6DDD70B9EF1}.Release|Any CPU.ActiveCfg = Release|Any CPU
		{566FEB43-3B1D-4B17-A98D-F6DDD70B9EF1}.Release|Any CPU.Build.0 = Release|Any CPU
		{21E7A5EF-AA58-471A-B665-828B667E476F}.Debug|Any CPU.ActiveCfg = Debug|Any CPU
		{21E7A5EF-AA58-471A-B665-828B667E476F}.Debug|Any CPU.Build.0 = Debug|Any CPU
		{21E7A5EF-AA58-471A-B665-828B667E476F}.Release|Any CPU.ActiveCfg = Release|Any CPU
		{21E7A5EF-AA58-471A-B665-828B667E476F}.Release|Any CPU.Build.0 = Release|Any CPU
		{52F80D60-C32B-42EB-B517-23FC44BD7255}.Debug|Any CPU.ActiveCfg = Debug|Any CPU
		{52F80D60-C32B-42EB-B517-23FC44BD7255}.Debug|Any CPU.Build.0 = Debug|Any CPU
		{52F80D60-C32B-42EB-B517-23FC44BD7255}.Release|Any CPU.ActiveCfg = Release|Any CPU
		{52F80D60-C32B-42EB-B517-23FC44BD7255}.Release|Any CPU.Build.0 = Release|Any CPU
		{164A9E93-A1CA-47C7-A339-D4AFD4C7FCF1}.Debug|Any CPU.ActiveCfg = Debug|Any CPU
		{164A9E93-A1CA-47C7-A339-D4AFD4C7FCF1}.Debug|Any CPU.Build.0 = Debug|Any CPU
		{164A9E93-A1CA-47C7-A339-D4AFD4C7FCF1}.Release|Any CPU.ActiveCfg = Release|Any CPU
		{164A9E93-A1CA-47C7-A339-D4AFD4C7FCF1}.Release|Any CPU.Build.0 = Release|Any CPU
		{7E4A8BA0-FAAB-4E26-848F-0B5C5B2D472B}.Debug|Any CPU.ActiveCfg = Debug|Any CPU
		{7E4A8BA0-FAAB-4E26-848F-0B5C5B2D472B}.Debug|Any CPU.Build.0 = Debug|Any CPU
		{7E4A8BA0-FAAB-4E26-848F-0B5C5B2D472B}.Release|Any CPU.ActiveCfg = Release|Any CPU
		{7E4A8BA0-FAAB-4E26-848F-0B5C5B2D472B}.Release|Any CPU.Build.0 = Release|Any CPU
		{DF6C00D6-370F-4A6F-94F7-DFC782357FD6}.Debug|Any CPU.ActiveCfg = Debug|Any CPU
		{DF6C00D6-370F-4A6F-94F7-DFC782357FD6}.Debug|Any CPU.Build.0 = Debug|Any CPU
		{DF6C00D6-370F-4A6F-94F7-DFC782357FD6}.Release|Any CPU.ActiveCfg = Release|Any CPU
		{DF6C00D6-370F-4A6F-94F7-DFC782357FD6}.Release|Any CPU.Build.0 = Release|Any CPU
		{34225E9E-C4E2-46DC-92B6-9FC729FF8334}.Debug|Any CPU.ActiveCfg = Debug|Any CPU
		{34225E9E-C4E2-46DC-92B6-9FC729FF8334}.Debug|Any CPU.Build.0 = Debug|Any CPU
		{34225E9E-C4E2-46DC-92B6-9FC729FF8334}.Release|Any CPU.ActiveCfg = Release|Any CPU
		{34225E9E-C4E2-46DC-92B6-9FC729FF8334}.Release|Any CPU.Build.0 = Release|Any CPU
		{5F5D3AD3-7807-4C04-9138-6BF61B095ED4}.Debug|Any CPU.ActiveCfg = Debug|Any CPU
		{5F5D3AD3-7807-4C04-9138-6BF61B095ED4}.Debug|Any CPU.Build.0 = Debug|Any CPU
		{5F5D3AD3-7807-4C04-9138-6BF61B095ED4}.Release|Any CPU.ActiveCfg = Release|Any CPU
		{5F5D3AD3-7807-4C04-9138-6BF61B095ED4}.Release|Any CPU.Build.0 = Release|Any CPU
	EndGlobalSection
EndGlobal
